# This file is automatically @generated by Cargo.
# It is not intended for manual editing.
version = 4

[[package]]
name = "canopus-abi"
version = "0.1.0"

[[package]]
name = "canopus-bluetooth-audio-core"
version = "0.1.0"
dependencies = [
 "canopus-ui-core",
 "nanomp3",
]

[[package]]
name = "canopus-bluetooth-audio-device"
version = "0.1.0"
dependencies = [
 "canopus-abi",
 "canopus-bluetooth-audio-core",
 "canopus-runtime",
 "canopus-target-private",
 "canopus-ui-core",
]

[[package]]
name = "canopus-runtime"
version = "0.1.0"
dependencies = [
 "canopus-abi",
]

[[package]]
name = "canopus-target-generated"
version = "0.1.0"
dependencies = [
 "canopus-abi",
]

[[package]]
name = "canopus-target-private"
version = "0.1.0"
dependencies = [
 "canopus-target-generated",
]

[[package]]
name = "canopus-ui-core"
version = "0.1.0"

[[package]]
name = "nanomp3"
version = "0.1.1-canopus.1"
